
Microsoft Visual Studio Solution File, Format Version 12.00
# Visual Studio 14
VisualStudioVersion = 14.0.25420.1
MinimumVisualStudioVersion = 10.0.40219.1
Project("{FAE04EC0-301F-11D3-BF4B-00C04F79EFBC}") = "HyperStrings", "HyperStrings\HyperStrings.csproj", "{03076BB2-8FF7-4928-9C43-0A6FC8D8CBEF}"
EndProject
Global
	GlobalSection(SolutionConfigurationPlatforms) = preSolution
		Debug|Any CPU = Debug|Any CPU
		Release|Any CPU = Release|Any CPU
	EndGlobalSection
	GlobalSection(ProjectConfigurationPlatforms) = postSolution
		{03076BB2-8FF7-4928-9C43-0A6FC8D8CBEF}.Debug|Any CPU.ActiveCfg = Debug|Any CPU
		{03076BB2-8FF7-4928-9C43-0A6FC8D8CBEF}.Debug|Any CPU.Build.0 = Debug|Any CPU
		{03076BB2-8FF7-4928-9C43-0A6FC8D8CBEF}.Release|Any CPU.ActiveCfg = Release|Any CPU
		{03076BB2-8FF7-4928-9C43-0A6FC8D8CBEF}.Release|Any CPU.Build.0 = Release|Any CPU
	EndGlobalSection
	GlobalSection(SolutionProperties) = preSolution
		HideSolutionNode = FALSE
	EndGlobalSection
EndGlobal
