
Microsoft Visual Studio Solution File, Format Version 12.00
# Visual Studio 14
VisualStudioVersion = 14.0.25420.1
MinimumVisualStudioVersion = 10.0.40219.1
Project("{FAE04EC0-301F-11D3-BF4B-00C04F79EFBC}") = "Day23-BST-LevelOrder", "Day23-BST-LevelOrder\Day23-BST-LevelOrder.csproj", "{BFBB7D44-EAA1-4395-BF2F-7AD0C9D64A78}"
EndProject
Global
	GlobalSection(SolutionConfigurationPlatforms) = preSolution
		Debug|Any CPU = Debug|Any CPU
		Release|Any CPU = Release|Any CPU
	EndGlobalSection
	GlobalSection(ProjectConfigurationPlatforms) = postSolution
		{BFBB7D44-EAA1-4395-BF2F-7AD0C9D64A78}.Debug|Any CPU.ActiveCfg = Debug|Any CPU
		{BFBB7D44-EAA1-4395-BF2F-7AD0C9D64A78}.Debug|Any CPU.Build.0 = Debug|Any CPU
		{BFBB7D44-EAA1-4395-BF2F-7AD0C9D64A78}.Release|Any CPU.ActiveCfg = Release|Any CPU
		{BFBB7D44-EAA1-4395-BF2F-7AD0C9D64A78}.Release|Any CPU.Build.0 = Release|Any CPU
	EndGlobalSection
	GlobalSection(SolutionProperties) = preSolution
		HideSolutionNode = FALSE
	EndGlobalSection
EndGlobal
