
Microsoft Visual Studio Solution File, Format Version 12.00
# Visual Studio 14
VisualStudioVersion = 14.0.25420.1
MinimumVisualStudioVersion = 10.0.40219.1
Project("{FAE04EC0-301F-11D3-BF4B-00C04F79EFBC}") = "RecursionFactorial", "RecursionFactorial\RecursionFactorial.csproj", "{397AD83C-FA84-4135-8829-214E50A3ACDE}"
EndProject
Global
	GlobalSection(SolutionConfigurationPlatforms) = preSolution
		Debug|Any CPU = Debug|Any CPU
		Release|Any CPU = Release|Any CPU
	EndGlobalSection
	GlobalSection(ProjectConfigurationPlatforms) = postSolution
		{397AD83C-FA84-4135-8829-214E50A3ACDE}.Debug|Any CPU.ActiveCfg = Debug|Any CPU
		{397AD83C-FA84-4135-8829-214E50A3ACDE}.Debug|Any CPU.Build.0 = Debug|Any CPU
		{397AD83C-FA84-4135-8829-214E50A3ACDE}.Release|Any CPU.ActiveCfg = Release|Any CPU
		{397AD83C-FA84-4135-8829-214E50A3ACDE}.Release|Any CPU.Build.0 = Release|Any CPU
	EndGlobalSection
	GlobalSection(SolutionProperties) = preSolution
		HideSolutionNode = FALSE
	EndGlobalSection
EndGlobal
